
Microsoft Visual Studio Solution File, Format Version 12.00
# Visual Studio Version 17
VisualStudioVersion = 17.10.34916.146
MinimumVisualStudioVersion = 10.0.40219.1
Project("{9A19103F-16F7-4668-BE54-9A1E7A4F7556}") = "UITEventAPI.API", "UITEventAPI.API\UITEventAPI.API.csproj", "{639117E7-1A2E-432A-A1E1-936FD250079D}"
EndProject
Project("{FAE04EC0-301F-11D3-BF4B-00C04F79EFBC}") = "UITEventAPI.Application", "UITEventAPI.Application\UITEventAPI.Application.csproj", "{D02D5A99-2F76-436E-A9BC-A2CE110A217A}"
EndProject
Global
	GlobalSection(SolutionConfigurationPlatforms) = preSolution
		Debug|Any CPU = Debug|Any CPU
		Release|Any CPU = Release|Any CPU
	EndGlobalSection
	GlobalSection(ProjectConfigurationPlatforms) = postSolution
		{639117E7-1A2E-432A-A1E1-936FD250079D}.Debug|Any CPU.ActiveCfg = Debug|Any CPU
		{639117E7-1A2E-432A-A1E1-936FD250079D}.Debug|Any CPU.Build.0 = Debug|Any CPU
		{639117E7-1A2E-432A-A1E1-936FD250079D}.Release|Any CPU.ActiveCfg = Release|Any CPU
		{639117E7-1A2E-432A-A1E1-936FD250079D}.Release|Any CPU.Build.0 = Release|Any CPU
		{D02D5A99-2F76-436E-A9BC-A2CE110A217A}.Debug|Any CPU.ActiveCfg = Debug|Any CPU
		{D02D5A99-2F76-436E-A9BC-A2CE110A217A}.Debug|Any CPU.Build.0 = Debug|Any CPU
		{D02D5A99-2F76-436E-A9BC-A2CE110A217A}.Release|Any CPU.ActiveCfg = Release|Any CPU
		{D02D5A99-2F76-436E-A9BC-A2CE110A217A}.Release|Any CPU.Build.0 = Release|Any CPU
	EndGlobalSection
	GlobalSection(SolutionProperties) = preSolution
		HideSolutionNode = FALSE
	EndGlobalSection
	GlobalSection(ExtensibilityGlobals) = postSolution
		SolutionGuid = {4F3244F5-2031-4D33-8A60-1A326C0C474F}
	EndGlobalSection
EndGlobal
